
Microsoft Visual Studio Solution File, Format Version 12.00
# Visual Studio Version 17
VisualStudioVersion = 17.14.36511.14 d17.14
MinimumVisualStudioVersion = 10.0.40219.1
Project("{FAE04EC0-301F-11D3-BF4B-00C04F79EFBC}") = "login_backend", "login_backend\login_backend.csproj", "{EEEF36EB-8F8D-4401-A120-CEAEA1A8574D}"
EndProject
Global
	GlobalSection(SolutionConfigurationPlatforms) = preSolution
		Debug|Any CPU = Debug|Any CPU
		Release|Any CPU = Release|Any CPU
	EndGlobalSection
	GlobalSection(ProjectConfigurationPlatforms) = postSolution
		{EEEF36EB-8F8D-4401-A120-CEAEA1A8574D}.Debug|Any CPU.ActiveCfg = Debug|Any CPU
		{EEEF36EB-8F8D-4401-A120-CEAEA1A8574D}.Debug|Any CPU.Build.0 = Debug|Any CPU
		{EEEF36EB-8F8D-4401-A120-CEAEA1A8574D}.Release|Any CPU.ActiveCfg = Release|Any CPU
		{EEEF36EB-8F8D-4401-A120-CEAEA1A8574D}.Release|Any CPU.Build.0 = Release|Any CPU
	EndGlobalSection
	GlobalSection(SolutionProperties) = preSolution
		HideSolutionNode = FALSE
	EndGlobalSection
	GlobalSection(ExtensibilityGlobals) = postSolution
		SolutionGuid = {18C8D3C3-A914-4FA4-B484-485D96EC611F}
	EndGlobalSection
EndGlobal
